
Microsoft Visual Studio Solution File, Format Version 12.00
# Visual Studio Version 16
VisualStudioVersion = 16.0.29728.190
MinimumVisualStudioVersion = 10.0.40219.1
Project("{FAE04EC0-301F-11D3-BF4B-00C04F79EFBC}") = "TestDrive.Android", "TestDrive\TestDrive.Android\TestDrive.Android.csproj", "{853F653E-C140-409A-AAA4-B502DDF64BF9}"
EndProject
Project("{FAE04EC0-301F-11D3-BF4B-00C04F79EFBC}") = "TestDrive.iOS", "TestDrive\TestDrive.iOS\TestDrive.iOS.csproj", "{E8058B5D-E81F-4D86-B267-50E04C273327}"
EndProject
Project("{FAE04EC0-301F-11D3-BF4B-00C04F79EFBC}") = "TestDrive", "TestDrive\TestDrive\TestDrive.csproj", "{4BA87B68-5AEF-4D35-974A-12967B76C87F}"
EndProject
Global
	GlobalSection(SolutionConfigurationPlatforms) = preSolution
		Debug|Any CPU = Debug|Any CPU
		Debug|iPhone = Debug|iPhone
		Debug|iPhoneSimulator = Debug|iPhoneSimulator
		Release|Any CPU = Release|Any CPU
		Release|iPhone = Release|iPhone
		Release|iPhoneSimulator = Release|iPhoneSimulator
	EndGlobalSection
	GlobalSection(ProjectConfigurationPlatforms) = postSolution
		{853F653E-C140-409A-AAA4-B502DDF64BF9}.Debug|Any CPU.ActiveCfg = Debug|Any CPU
		{853F653E-C140-409A-AAA4-B502DDF64BF9}.Debug|Any CPU.Build.0 = Debug|Any CPU
		{853F653E-C140-409A-AAA4-B502DDF64BF9}.Debug|Any CPU.Deploy.0 = Debug|Any CPU
		{853F653E-C140-409A-AAA4-B502DDF64BF9}.Debug|iPhone.ActiveCfg = Debug|Any CPU
		{853F653E-C140-409A-AAA4-B502DDF64BF9}.Debug|iPhone.Build.0 = Debug|Any CPU
		{853F653E-C140-409A-AAA4-B502DDF64BF9}.Debug|iPhone.Deploy.0 = Debug|Any CPU
		{853F653E-C140-409A-AAA4-B502DDF64BF9}.Debug|iPhoneSimulator.ActiveCfg = Debug|Any CPU
		{853F653E-C140-409A-AAA4-B502DDF64BF9}.Debug|iPhoneSimulator.Build.0 = Debug|Any CPU
		{853F653E-C140-409A-AAA4-B502DDF64BF9}.Debug|iPhoneSimulator.Deploy.0 = Debug|Any CPU
		{853F653E-C140-409A-AAA4-B502DDF64BF9}.Release|Any CPU.ActiveCfg = Release|Any CPU
		{853F653E-C140-409A-AAA4-B502DDF64BF9}.Release|Any CPU.Build.0 = Release|Any CPU
		{853F653E-C140-409A-AAA4-B502DDF64BF9}.Release|Any CPU.Deploy.0 = Release|Any CPU
		{853F653E-C140-409A-AAA4-B502DDF64BF9}.Release|iPhone.ActiveCfg = Release|Any CPU
		{853F653E-C140-409A-AAA4-B502DDF64BF9}.Release|iPhone.Build.0 = Release|Any CPU
		{853F653E-C140-409A-AAA4-B502DDF64BF9}.Release|iPhone.Deploy.0 = Release|Any CPU
		{853F653E-C140-409A-AAA4-B502DDF64BF9}.Release|iPhoneSimulator.ActiveCfg = Release|Any CPU
		{853F653E-C140-409A-AAA4-B502DDF64BF9}.Release|iPhoneSimulator.Build.0 = Release|Any CPU
		{853F653E-C140-409A-AAA4-B502DDF64BF9}.Release|iPhoneSimulator.Deploy.0 = Release|Any CPU
		{E8058B5D-E81F-4D86-B267-50E04C273327}.Debug|Any CPU.ActiveCfg = Debug|iPhoneSimulator
		{E8058B5D-E81F-4D86-B267-50E04C273327}.Debug|Any CPU.Build.0 = Debug|iPhoneSimulator
		{E8058B5D-E81F-4D86-B267-50E04C273327}.Debug|Any CPU.Deploy.0 = Debug|iPhoneSimulator
		{E8058B5D-E81F-4D86-B267-50E04C273327}.Debug|iPhone.ActiveCfg = Debug|iPhone
		{E8058B5D-E81F-4D86-B267-50E04C273327}.Debug|iPhone.Build.0 = Debug|iPhone
		{E8058B5D-E81F-4D86-B267-50E04C273327}.Debug|iPhone.Deploy.0 = Debug|iPhone
		{E8058B5D-E81F-4D86-B267-50E04C273327}.Debug|iPhoneSimulator.ActiveCfg = Debug|iPhoneSimulator
		{E8058B5D-E81F-4D86-B267-50E04C273327}.Debug|iPhoneSimulator.Build.0 = Debug|iPhoneSimulator
		{E8058B5D-E81F-4D86-B267-50E04C273327}.Debug|iPhoneSimulator.Deploy.0 = Debug|iPhoneSimulator
		{E8058B5D-E81F-4D86-B267-50E04C273327}.Release|Any CPU.ActiveCfg = Release|iPhone
		{E8058B5D-E81F-4D86-B267-50E04C273327}.Release|Any CPU.Build.0 = Release|iPhone
		{E8058B5D-E81F-4D86-B267-50E04C273327}.Release|Any CPU.Deploy.0 = Release|iPhone
		{E8058B5D-E81F-4D86-B267-50E04C273327}.Release|iPhone.ActiveCfg = Release|iPhone
		{E8058B5D-E81F-4D86-B267-50E04C273327}.Release|iPhone.Build.0 = Release|iPhone
		{E8058B5D-E81F-4D86-B267-50E04C273327}.Release|iPhone.Deploy.0 = Release|iPhone
		{E8058B5D-E81F-4D86-B267-50E04C273327}.Release|iPhoneSimulator.ActiveCfg = Release|iPhoneSimulator
		{E8058B5D-E81F-4D86-B267-50E04C273327}.Release|iPhoneSimulator.Build.0 = Release|iPhoneSimulator
		{E8058B5D-E81F-4D86-B267-50E04C273327}.Release|iPhoneSimulator.Deploy.0 = Release|iPhoneSimulator
		{4BA87B68-5AEF-4D35-974A-12967B76C87F}.Debug|Any CPU.ActiveCfg = Debug|Any CPU
		{4BA87B68-5AEF-4D35-974A-12967B76C87F}.Debug|Any CPU.Build.0 = Debug|Any CPU
		{4BA87B68-5AEF-4D35-974A-12967B76C87F}.Debug|Any CPU.Deploy.0 = Debug|Any CPU
		{4BA87B68-5AEF-4D35-974A-12967B76C87F}.Debug|iPhone.ActiveCfg = Debug|Any CPU
		{4BA87B68-5AEF-4D35-974A-12967B76C87F}.Debug|iPhone.Build.0 = Debug|Any CPU
		{4BA87B68-5AEF-4D35-974A-12967B76C87F}.Debug|iPhone.Deploy.0 = Debug|Any CPU
		{4BA87B68-5AEF-4D35-974A-12967B76C87F}.Debug|iPhoneSimulator.ActiveCfg = Debug|Any CPU
		{4BA87B68-5AEF-4D35-974A-12967B76C87F}.Debug|iPhoneSimulator.Build.0 = Debug|Any CPU
		{4BA87B68-5AEF-4D35-974A-12967B76C87F}.Debug|iPhoneSimulator.Deploy.0 = Debug|Any CPU
		{4BA87B68-5AEF-4D35-974A-12967B76C87F}.Release|Any CPU.ActiveCfg = Release|Any CPU
		{4BA87B68-5AEF-4D35-974A-12967B76C87F}.Release|Any CPU.Build.0 = Release|Any CPU
		{4BA87B68-5AEF-4D35-974A-12967B76C87F}.Release|Any CPU.Deploy.0 = Release|Any CPU
		{4BA87B68-5AEF-4D35-974A-12967B76C87F}.Release|iPhone.ActiveCfg = Release|Any CPU
		{4BA87B68-5AEF-4D35-974A-12967B76C87F}.Release|iPhone.Build.0 = Release|Any CPU
		{4BA87B68-5AEF-4D35-974A-12967B76C87F}.Release|iPhone.Deploy.0 = Release|Any CPU
		{4BA87B68-5AEF-4D35-974A-12967B76C87F}.Release|iPhoneSimulator.ActiveCfg = Release|Any CPU
		{4BA87B68-5AEF-4D35-974A-12967B76C87F}.Release|iPhoneSimulator.Build.0 = Release|Any CPU
		{4BA87B68-5AEF-4D35-974A-12967B76C87F}.Release|iPhoneSimulator.Deploy.0 = Release|Any CPU
	EndGlobalSection
	GlobalSection(SolutionProperties) = preSolution
		HideSolutionNode = FALSE
	EndGlobalSection
	GlobalSection(ExtensibilityGlobals) = postSolution
		SolutionGuid = {E1A5329D-CB8F-402A-AED8-C9E4661616F2}
	EndGlobalSection
EndGlobal
